PackratFormat: 1.4
PackratVersion: 0.4.9.1
RVersion: 3.4.1
Repos: CRAN=https://cran.rstudio.com/

Package: BETS
Source: CRAN
Version: 0.3.6
Hash: 12b6dd07c2832ccddacbfc084a204694
Requires: DBI, DT, RMySQL, dygraphs, forecast, ggplot2, grnn,
    htmltools, httr, lubridate, miniUI, plotly, rjson, rmarkdown,
    rstudioapi, rvest, seasonal, shiny, stringr, urca, webshot, xml2,
    zoo

Package: BH
Source: CRAN
Version: 1.66.0-1
Hash: 4cc8883584b955ed01f38f68bc03af6d

Package: BatchGetSymbols
Source: CRAN
Version: 2.0
Hash: fe80397e5342be2c97f6348a183a89cc
Requires: XML, curl, dplyr, quantmod, rvest, stringr, tidyr

Package: DBI
Source: CRAN
Version: 0.8
Hash: 9e4e11b4dd391a42d0ab5b0f2544ba61

Package: DT
Source: CRAN
Version: 0.4
Hash: a6e844446350a7128c734516fa8215e3
Requires: crosstalk, htmltools, htmlwidgets, magrittr

Package: GetDFPData
Source: CRAN
Version: 0.6
Hash: 7ffa74c531d7f4286f9423ad1634b144
Requires: XML, curl, dplyr, readr, reshape2, stringr, tibble, xlsx

Package: GetITRData
Source: CRAN
Version: 0.7
Hash: 50ff7a3b11186c3189453bf55096a679
Requires: XML, curl, dplyr, readr, reshape2, stringr, tibble, xlsx

Package: GetTDData
Source: CRAN
Version: 1.3.1
Hash: f713c9b33a3d3cf5da464ce2f0a63aca
Requires: RCurl, XML, bizdays, curl, readxl, stringi, stringr, tidyr

Package: PerformanceAnalytics
Source: CRAN
Version: 1.5.2
Hash: 9a9eab4ef84ae2c265b23aaeedaddcda
Requires: quadprog, xts, zoo

Package: Quandl
Source: CRAN
Version: 2.8.0
Hash: 447d2a4255120600e9d98b4b4384f5f2
Requires: httr, jsonlite, xts, zoo

Package: R6
Source: CRAN
Version: 2.2.2
Hash: b2366cd9d2f3851a5704b4e192b985c2

Package: RColorBrewer
Source: CRAN
Version: 1.1-2
Hash: c0d56cd15034f395874c870141870c25

Package: RCurl
Source: CRAN
Version: 1.95-4.10
Hash: 06af5153f969a90c6cd6c87ee57baa44
Requires: bitops

Package: RMySQL
Source: CRAN
Version: 0.10.14
Hash: 2cdf871f531ca1af07967bd6d9441770
Requires: DBI

Package: RSQLite
Source: CRAN
Version: 2.1.0
Hash: e809576190d70ba5c9d085b86b057e38
Requires: BH, DBI, Rcpp, bit64, blob, memoise, pkgconfig, plogr

Package: Rcpp
Source: CRAN
Version: 0.12.16
Hash: 8cc9dc88c11acdcf8a6dec4a0f1500bc

Package: RcppArmadillo
Source: CRAN
Version: 0.8.400.0.0
Hash: f280a22174c410654514ef1860a246be
Requires: Rcpp

Package: TSdbi
Source: CRAN
Version: 2017.4-1
Hash: 3ba6e3b531071eb3d767c723c314e730
Requires: DBI, tframe

Package: TTR
Source: CRAN
Version: 0.23-3
Hash: 6213fe74e0d57390ba6763fa1d1de3f7
Requires: curl, xts, zoo

Package: XML
Source: CRAN
Version: 3.98-1.10
Hash: 4822e9bd2d5ea97804878255829d8981

Package: alphavantager
Source: CRAN
Version: 0.1.0
Hash: f5e313963f2fb2c6189e5e2ff9b5ae2b
Requires: devtools, dplyr, glue, httr, jsonlite, lubridate, purrr,
    readr, stringr, tibble, tidyr

Package: assertthat
Source: CRAN
Version: 0.2.0
Hash: e8805df54c65ac96d50235c44a82615c

Package: backports
Source: CRAN
Version: 1.1.2
Hash: 5ae7b3466e529e4400951ca18c137e40

Package: base64enc
Source: CRAN
Version: 0.1-3
Hash: c590d29e555926af053055e23ee79efb

Package: bindr
Source: CRAN
Version: 0.1.1
Hash: 76578c5f543a6ecbc1365d6445f9ebf7

Package: bindrcpp
Source: CRAN
Version: 0.2.2
Hash: f97e97075970836f25b6cb53b3a52c4f
Requires: Rcpp, bindr, plogr

Package: bit
Source: CRAN
Version: 1.1-12
Hash: a4cdb11cf9fd6dd38f9f40c413b81e93

Package: bit64
Source: CRAN
Version: 0.9-7
Hash: 4b195615d19ba49c114eb04e09e30a96
Requires: bit

Package: bitops
Source: CRAN
Version: 1.0-6
Hash: 67d0775189fd0041d95abca618c5c07e

Package: bizdays
Source: CRAN
Version: 1.0.5
Hash: 9c9990fe4b63ddd0eb1169479da335ec

Package: blob
Source: CRAN
Version: 1.1.1
Hash: 532700d8073e660dce40a984900bc647
Requires: prettyunits

Package: broom
Source: CRAN
Version: 0.4.4
Hash: dc14fe971ee0fdd4e22b5b1d11611a37
Requires: dplyr, plyr, psych, reshape2, stringr, tidyr

Package: caTools
Source: CRAN
Version: 1.17.1
Hash: 97cb6f6293cd18d17df77a6383cc6763
Requires: bitops

Package: callr
Source: CRAN
Version: 2.0.3
Hash: bca89a7eb170699bdbdbefd91ad6357d
Requires: R6, assertthat, crayon, debugme, testthat

Package: cellranger
Source: CRAN
Version: 1.1.0
Hash: 4e1ef4d099b0c5fd531a3938cf4624bd
Requires: rematch, tibble

Package: cli
Source: CRAN
Version: 1.0.0
Hash: f4239f89feb7ddc65821e4514e9734ae
Requires: assertthat, crayon

Package: clipr
Source: CRAN
Version: 0.4.0
Hash: 0d4860516c7e3120f8116a639b1ff553

Package: colorspace
Source: CRAN
Version: 1.3-2
Hash: 0bf8618b585fa98eb23414cd3ab95118

Package: crayon
Source: CRAN
Version: 1.3.4
Hash: ff2840dd9b0d563fc80377a5a45510cd

Package: crosstalk
Source: CRAN
Version: 1.0.0
Hash: c13adea5906fbe2becfcb5f843b26749
Requires: R6, ggplot2, htmltools, jsonlite, lazyeval, shiny

Package: curl
Source: CRAN
Version: 3.2
Hash: e3318ec2d42d15a38485bab047d114ba

Package: data.table
Source: CRAN
Version: 1.10.4-3
Hash: 3c270a59ca3298aba8df3c1ae3bbea19

Package: dbplyr
Source: CRAN
Version: 1.2.1
Hash: 167a1e23f4196b09db68b62c99d4f2c2
Requires: DBI, R6, assertthat, dplyr, glue, purrr, rlang, tibble,
    tidyselect

Package: debugme
Source: CRAN
Version: 1.1.0
Hash: c233690edd9fa17a63f7c8d83c1ca153
Requires: crayon

Package: devtools
Source: CRAN
Version: 1.13.5
Hash: 80061b2ad6853fd3665bf883123a1b1a
Requires: digest, git2r, httr, jsonlite, memoise, rstudioapi, whisker,
    withr

Package: dichromat
Source: CRAN
Version: 2.0-0
Hash: 08eed0c80510af29bb15f840ccfe37ce

Package: digest
Source: CRAN
Version: 0.6.15
Hash: 1f202ebd812ac7192be3739245746a13

Package: dplyr
Source: CRAN
Version: 0.7.4
Hash: cf677ec8dad7a45d1397dd7e72ef30c6
Requires: BH, R6, Rcpp, assertthat, bindrcpp, glue, magrittr,
    pkgconfig, plogr, rlang, tibble

Package: dygraphs
Source: CRAN
Version: 1.1.1.4
Hash: 6c0c428f37a8923a337e1af157f63839
Requires: htmltools, htmlwidgets, magrittr, xts, zoo

Package: evaluate
Source: CRAN
Version: 0.10.1
Hash: 54d95f4ec6d0300100413ed0127d89ae
Requires: stringr

Package: forcats
Source: CRAN
Version: 0.3.0
Hash: 770f3834b97a2c429bdecb7a5f27eb25
Requires: magrittr, rlang, tibble

Package: forecast
Source: CRAN
Version: 8.3
Hash: f1e9cac365124ae50084b352453a9c85
Requires: Rcpp, RcppArmadillo, colorspace, fracdiff, ggplot2, lmtest,
    magrittr, timeDate, tseries, urca, uroot, zoo

Package: fracdiff
Source: CRAN
Version: 1.4-2
Hash: 75e1920799a698acf5912369675100af

Package: ggplot2
Source: CRAN
Version: 2.2.1
Hash: 46e5cb78836848aa44655e577433f54b
Requires: digest, gtable, lazyeval, plyr, reshape2, scales, tibble

Package: git2r
Source: CRAN
Version: 0.21.0
Hash: 64747922e287be74e8e8b46c107fd3ef

Package: glue
Source: CRAN
Version: 1.2.0
Hash: 381e42baedecc633c0e547a0c7ca9de7

Package: gridExtra
Source: CRAN
Version: 2.3
Hash: fa977bc1aab5588a08123b10ceb1ad3d
Requires: gtable

Package: grnn
Source: CRAN
Version: 0.1.0
Hash: 78dfeffdfcf7f09017c46548e5894c68

Package: gtable
Source: CRAN
Version: 0.2.0
Hash: cd78381a9d3fea966ac39bd0daaf5554

Package: haven
Source: CRAN
Version: 1.1.1
Hash: 9b11d96dcd65d5dab200b1979226bac3
Requires: Rcpp, forcats, hms, readr, tibble

Package: hexbin
Source: CRAN
Version: 1.27.2
Hash: db6c71309772ea1f664081576e5b943d

Package: highr
Source: CRAN
Version: 0.6
Hash: aa3d5b7912b5fed4b546ed5cd2a1760b

Package: hms
Source: CRAN
Version: 0.4.2
Hash: b4096a4f6a6736138e9a825c2baaacf0
Requires: pkgconfig, rlang

Package: htmltools
Source: CRAN
Version: 0.3.6
Hash: 358f767a496785afb8426c3abc8b6471
Requires: Rcpp, digest

Package: htmlwidgets
Source: CRAN
Version: 1.2
Hash: de18b75f31630089b22e30d4b188cfbe
Requires: htmltools, jsonlite, yaml

Package: httpuv
Source: CRAN
Version: 1.4.0
Hash: b3519e2f2737d420b951c492756a9574
Requires: BH, Rcpp, later, promises

Package: httr
Source: CRAN
Version: 1.3.1
Hash: 2d32e01e53d532c812052e27a1021441
Requires: R6, curl, jsonlite, mime, openssl

Package: jsonlite
Source: CRAN
Version: 1.5
Hash: 9c51936d8dd00b2f1d4fe9d10499694c

Package: knitr
Source: CRAN
Version: 1.20
Hash: 9c6b215d1d02b97586c8232e94533e6a
Requires: evaluate, highr, markdown, stringr, yaml

Package: labeling
Source: CRAN
Version: 0.3
Hash: ecf589b42cd284b03a4beb9665482d3e

Package: later
Source: CRAN
Version: 0.7.1
Hash: a7c918548e0bc57bb7a223508c737d71
Requires: BH, Rcpp, rlang

Package: lazyeval
Source: CRAN
Version: 0.2.1
Hash: 88926ad9c43581fd0822a37c8ed09f05

Package: lmtest
Source: CRAN
Version: 0.9-36
Hash: dd8ecab47b81002d2fd5016e3d249966
Requires: zoo

Package: lubridate
Source: CRAN
Version: 1.7.4
Hash: eba8a5960185ac1f7eb8ce1abd1a745b
Requires: Rcpp, stringr

Package: magrittr
Source: CRAN
Version: 1.5
Hash: bdc4d48c3135e8f3b399536ddf160df4

Package: markdown
Source: CRAN
Version: 0.8
Hash: 045d7c594d503b41f1c28946d076c8aa
Requires: mime

Package: memoise
Source: CRAN
Version: 1.1.0
Hash: 410fcd334bc626db100237cc1370f2e9
Requires: digest

Package: mime
Source: CRAN
Version: 0.5
Hash: 463550cf44fb6f0a2359368f42eebe62

Package: miniUI
Source: CRAN
Version: 0.1.1
Hash: e85626581f80b1fe6c92a96ec348efc5
Requires: htmltools, shiny

Package: mnormt
Source: CRAN
Version: 1.5-5
Hash: d0d5efbb1fb26d2dc5f9394c223084b5

Package: modelr
Source: CRAN
Version: 0.1.1
Hash: dc3b2de1720a22560510dccbdffe2c17
Requires: broom, dplyr, lazyeval, magrittr, purrr, tibble, tidyr

Package: munsell
Source: CRAN
Version: 0.4.3
Hash: f96d896947fcaf9b6d0074002e9f4f9d
Requires: colorspace

Package: openssl
Source: CRAN
Version: 1.0.1
Hash: e04b8ed7b05c1f75aa81c65a086b1d0c

Package: packrat
Source: CRAN
Version: 0.4.9-1
Hash: e95f4c0ccf3ac830a0a480888c1c965f

Package: padr
Source: CRAN
Version: 0.4.0
Hash: 17513c131e87303b23ca471c1b1d8e34
Requires: Rcpp, dplyr, lubridate, rlang

Package: pillar
Source: CRAN
Version: 1.2.1
Hash: 21190605f9f425d625a09c8259860bae
Requires: cli, crayon, rlang, utf8

Package: pkgconfig
Source: CRAN
Version: 2.0.1
Hash: 0dda4a2654a22b36a715c2b0b6fbacac

Package: plogr
Source: CRAN
Version: 0.2.0
Hash: 81a8008a5e7858552503935f1abe48aa

Package: plotly
Source: CRAN
Version: 4.7.1
Hash: 18d2de809bf346363cd4ee7a587d58bf
Requires: RColorBrewer, base64enc, crosstalk, data.table, digest,
    dplyr, ggplot2, hexbin, htmltools, htmlwidgets, httr, jsonlite,
    lazyeval, magrittr, purrr, scales, tibble, tidyr, viridisLite

Package: plyr
Source: CRAN
Version: 1.8.4
Hash: 2d09eea8a6bcac8e61b6a8728917b877
Requires: Rcpp

Package: praise
Source: CRAN
Version: 1.0.0
Hash: 77da8f1df873a4b91e5c4a68fe2fb1b6

Package: prettyunits
Source: CRAN
Version: 1.0.2
Hash: 49286102a855640daaa38eafe8b1ec30
Requires: assertthat, magrittr

Package: processx
Source: CRAN
Version: 2.0.0.1
Hash: cfb7e4911fb7451f16f812580571652f
Requires: R6, assertthat, crayon, debugme

Package: promises
Source: CRAN
Version: 1.0.1
Hash: 6dfc334ebb6374630084e676c96a9d71
Requires: R6, Rcpp, later, magrittr, rlang

Package: psych
Source: CRAN
Version: 1.8.3.3
Hash: 57b429dd1239ae287b0fd3991d27f02a
Requires: mnormt

Package: purrr
Source: CRAN
Version: 0.2.4
Hash: a80b244ccd3fdb33a0ff2be3c50dd648
Requires: magrittr, rlang, tibble

Package: quadprog
Source: CRAN
Version: 1.5-5
Hash: 69000b7dc41b09977dcf781f909d235c

Package: quantmod
Source: CRAN
Version: 0.4-13
Hash: d3b2f5e5dd4b397c4586d4c521250327
Requires: TTR, curl, xts, zoo

Package: rJava
Source: CRAN
Version: 0.9-9
Hash: ebf54080d6f36f3814cce27e5325d4e3

Package: rbcb
Source: CRAN
Version: 0.1.3
Hash: db67979f8d4d9cdd16d1a4ba38ce074b
Requires: httr, jsonlite, tibble, xml2, xts

Package: readr
Source: CRAN
Version: 1.1.1
Hash: 70f2df9a128697b88134875a72dfd322
Requires: BH, R6, Rcpp, hms, tibble

Package: readxl
Source: CRAN
Version: 1.0.0
Hash: 08538bf64f05452108aff1e6712e2e4f
Requires: Rcpp, cellranger, tibble

Package: rematch
Source: CRAN
Version: 1.0.1
Hash: ad4faf59e7611117ff165817074c50c7

Package: reprex
Source: CRAN
Version: 0.1.1
Hash: b37e230f08fe96c0685265c1bd61da8f
Requires: callr, clipr, knitr, rmarkdown, whisker

Package: reshape2
Source: CRAN
Version: 1.4.3
Hash: db7226b8ea11d02510f74d6a397959d6
Requires: Rcpp, plyr, stringr

Package: rjson
Source: CRAN
Version: 0.2.15
Hash: def074f38d0cff3b597649ee6f976128

Package: rlang
Source: CRAN
Version: 0.2.0
Hash: 647e2e50a72557d1a770dcd6701e562b

Package: rmarkdown
Source: CRAN
Version: 1.9
Hash: ab7f84e6f41ed8d8e8b9a2031cf631f8
Requires: base64enc, evaluate, htmltools, jsonlite, knitr, mime,
    rprojroot, stringr, yaml

Package: rprojroot
Source: CRAN
Version: 1.3-2
Hash: a25c3f70c166fb3fbabc410eb32b6366
Requires: backports

Package: rstudioapi
Source: CRAN
Version: 0.7
Hash: e2ebaff8160aff3e6b32e6e78a693c2d

Package: rvest
Source: CRAN
Version: 0.3.2
Hash: c69f7526520bad66fd2111ebe8b1364b
Requires: httr, magrittr, selectr, xml2

Package: scales
Source: CRAN
Version: 0.5.0
Hash: de72bbfa723acfaa28bb99788a303987
Requires: R6, RColorBrewer, Rcpp, dichromat, labeling, munsell, plyr,
    viridisLite

Package: seasonal
Source: CRAN
Version: 1.6.1
Hash: 2f28b434a9acaf5af032433881fc3ff8
Requires: x13binary

Package: selectr
Source: CRAN
Version: 0.4-1
Hash: b12802c11e35dec9d16a74d30ed0f3ed
Requires: R6, stringr

Package: shiny
Source: CRAN
Version: 1.0.5
Hash: 4d47532a807122bfd6bc3818310f9d2e
Requires: R6, digest, htmltools, httpuv, jsonlite, mime, sourcetools,
    xtable

Package: sourcetools
Source: CRAN
Version: 0.1.6
Hash: 226d56d7469587da40b0f96180e711b4

Package: stringi
Source: CRAN
Version: 1.1.7
Hash: d3dbb18da9a7b73a5b59416e33ad2cbd

Package: stringr
Source: CRAN
Version: 1.3.0
Hash: b2801fdc391caef2335dbdb1064836bb
Requires: glue, magrittr, stringi

Package: testthat
Source: CRAN
Version: 2.0.0
Hash: 537114b476376c5773bf3c557f5bbd19
Requires: R6, cli, crayon, digest, magrittr, praise, rlang, withr

Package: tframe
Source: CRAN
Version: 2015.12-1
Hash: 90bdb2e7214dfe013d68388cc7d3c79e

Package: tibble
Source: CRAN
Version: 1.4.2
Hash: 83895360ce4f8d2ce92eee00526b5b0b
Requires: cli, crayon, pillar, rlang

Package: tidyquant
Source: CRAN
Version: 0.5.4
Hash: 37b2aec5ae23f4960efe99ba797ea997
Requires: PerformanceAnalytics, Quandl, TTR, alphavantager, broom,
    curl, devtools, dplyr, ggplot2, httr, lazyeval, lubridate,
    magrittr, purrr, quantmod, readr, rvest, scales, stringr, tibble,
    tidyr, tidyverse, timeSeries, timetk, tseries, xml2, xts, zoo

Package: tidyr
Source: CRAN
Version: 0.8.0
Hash: 99a48e0cc96c0f0d673d4ef47260b089
Requires: Rcpp, dplyr, glue, magrittr, purrr, rlang, stringi, tibble,
    tidyselect

Package: tidyselect
Source: CRAN
Version: 0.2.4
Hash: 9d6ecd816c267bb44b1a29481841e344
Requires: Rcpp, glue, purrr, rlang

Package: tidyverse
Source: CRAN
Version: 1.2.1
Hash: 1b090209cb20b6fc6eba75de8b7f0b53
Requires: broom, cli, crayon, dbplyr, dplyr, forcats, ggplot2, haven,
    hms, httr, jsonlite, lubridate, magrittr, modelr, purrr, readr,
    readxl, reprex, rlang, rstudioapi, rvest, stringr, tibble, tidyr,
    xml2

Package: timeDate
Source: CRAN
Version: 3043.102
Hash: bf9c128558c5730c3fbaf9ea5196e4bc

Package: timeSeries
Source: CRAN
Version: 3042.102
Hash: 2e2b4a6b58fefa108ddf5b847663eb29
Requires: timeDate

Package: timetk
Source: CRAN
Version: 0.1.0
Hash: ebfbe2143ddf6dcca6c13347b3c86a28
Requires: devtools, dplyr, forecast, lazyeval, lubridate, padr, purrr,
    readr, stringi, tibble, tidyr, xts, zoo

Package: tinytex
Source: CRAN
Version: 0.5
Hash: ab9db0efa5f7f5a39f18fc7577192c4b

Package: tseries
Source: CRAN
Version: 0.10-43
Hash: 3f89309d65c5f7e1e48ea65a6c78de4d
Requires: quadprog, quantmod, zoo

Package: urca
Source: CRAN
Version: 1.3-0
Hash: b25c95802d289d1659942d2b5c75afa1

Package: uroot
Source: CRAN
Version: 2.0-9
Hash: bf8b3dd381974bffd888778e871fd33d

Package: utf8
Source: CRAN
Version: 1.1.3
Hash: a2fe6a996668ee5850b7719f365e831b

Package: viridisLite
Source: CRAN
Version: 0.3.0
Hash: 78bb072c4f9e729a283d4c40ec93f9c6

Package: webshot
Source: CRAN
Version: 0.5.0
Hash: 5f3174d4a88c04e8f1a1fb1a7805fd4b
Requires: jsonlite, magrittr, processx, withr

Package: whisker
Source: CRAN
Version: 0.3-2
Hash: 803d662762e532705c2c066a82d066e7

Package: withr
Source: CRAN
Version: 2.1.2
Hash: d534108bcd5f34ec73e9eb523751ba20

Package: x13binary
Source: CRAN
Version: 1.1.39-1
Hash: b1a321180a793b7968ea8bc667fef06d

Package: xlsx
Source: CRAN
Version: 0.5.7
Hash: 6acda2cf5190bf93d0b24c5a40b564cf
Requires: rJava, xlsxjars

Package: xlsxjars
Source: CRAN
Version: 0.6.1
Hash: 3902149dad80bcb14fcd88d8c7fd7f3b
Requires: rJava

Package: xml2
Source: CRAN
Version: 1.2.0
Hash: 24c1c4ee4b654065c8db42d36a6785a8
Requires: Rcpp

Package: xtable
Source: CRAN
Version: 1.8-2
Hash: 7293235cfcc14cdff1ce7fd1a0212031

Package: xts
Source: CRAN
Version: 0.10-2
Hash: 115fccf5f024d9ec07a4a5ce8f9d3c39
Requires: zoo

Package: yaml
Source: CRAN
Version: 2.1.18
Hash: 28c7e28c239d7a1d1bd579390bab89bd

Package: zoo
Source: CRAN
Version: 1.8-1
Hash: 4662280a4dad0f93d6ecfdf797fc1cf2
